
Microsoft Visual Studio Solution File, Format Version 12.00
# Visual Studio Version 16
VisualStudioVersion = 16.0.31727.386
MinimumVisualStudioVersion = 10.0.40219.1
Project("{FAE04EC0-301F-11D3-BF4B-00C04F79EFBC}") = "5_hw_oop", "5_hw_oop.csproj", "{CE03D16A-931D-43AB-988C-9216EE3EAAFB}"
EndProject
Global
	GlobalSection(SolutionConfigurationPlatforms) = preSolution
		Debug|Any CPU = Debug|Any CPU
		Release|Any CPU = Release|Any CPU
	EndGlobalSection
	GlobalSection(ProjectConfigurationPlatforms) = postSolution
		{CE03D16A-931D-43AB-988C-9216EE3EAAFB}.Debug|Any CPU.ActiveCfg = Debug|Any CPU
		{CE03D16A-931D-43AB-988C-9216EE3EAAFB}.Debug|Any CPU.Build.0 = Debug|Any CPU
		{CE03D16A-931D-43AB-988C-9216EE3EAAFB}.Release|Any CPU.ActiveCfg = Release|Any CPU
		{CE03D16A-931D-43AB-988C-9216EE3EAAFB}.Release|Any CPU.Build.0 = Release|Any CPU
	EndGlobalSection
	GlobalSection(SolutionProperties) = preSolution
		HideSolutionNode = FALSE
	EndGlobalSection
	GlobalSection(ExtensibilityGlobals) = postSolution
		SolutionGuid = {BBDDFC1D-63DE-4FDD-B668-6362D4B595FD}
	EndGlobalSection
EndGlobal
